
Microsoft Visual Studio Solution File, Format Version 12.00
# Visual Studio Version 16
VisualStudioVersion = 16.0.29806.167
MinimumVisualStudioVersion = 10.0.40219.1
Project("{888888A0-9F3D-457C-B088-3A5042F75D52}") = "shopStore", "shopStore\shopStore.pyproj", "{D517F6CF-32AE-462E-8C0C-FE71B8AE94D1}"
EndProject
Global
	GlobalSection(SolutionConfigurationPlatforms) = preSolution
		Debug|Any CPU = Debug|Any CPU
		Release|Any CPU = Release|Any CPU
	EndGlobalSection
	GlobalSection(ProjectConfigurationPlatforms) = postSolution
		{D517F6CF-32AE-462E-8C0C-FE71B8AE94D1}.Debug|Any CPU.ActiveCfg = Debug|Any CPU
		{D517F6CF-32AE-462E-8C0C-FE71B8AE94D1}.Debug|Any CPU.Build.0 = Debug|Any CPU
		{D517F6CF-32AE-462E-8C0C-FE71B8AE94D1}.Release|Any CPU.ActiveCfg = Release|Any CPU
		{D517F6CF-32AE-462E-8C0C-FE71B8AE94D1}.Release|Any CPU.Build.0 = Release|Any CPU
	EndGlobalSection
	GlobalSection(SolutionProperties) = preSolution
		HideSolutionNode = FALSE
	EndGlobalSection
	GlobalSection(ExtensibilityGlobals) = postSolution
		SolutionGuid = {2490F1FA-2B38-4A4C-9197-D6F66AB27723}
	EndGlobalSection
EndGlobal
